// !$*UTF8*$!
{
	archiveVersion = 1;
	classes = {
	};
	objectVersion = 50;
	objects = {

/* Begin PBXBuildFile section */
		B571B291240A40A300D36558 /* HomeViewController.swift in Sources */ = {isa = PBXBuildFile; fileRef = B571B290240A40A300D36558 /* HomeViewController.swift */; };
		B5A746BE240A4C4000573824 /* RecordingsTableViewCell.swift in Sources */ = {isa = PBXBuildFile; fileRef = B5A746BD240A4C4000573824 /* RecordingsTableViewCell.swift */; };
		B5A746C0240A4F7100573824 /* RecordingsViewController.swift in Sources */ = {isa = PBXBuildFile; fileRef = B5A746BF240A4F7100573824 /* RecordingsViewController.swift */; };
		B5A746C4240ABEE100573824 /* RecordingsListViewModel.swift in Sources */ = {isa = PBXBuildFile; fileRef = B5A746C3240ABEE100573824 /* RecordingsListViewModel.swift */; };
		B5A746C6240B9AB500573824 /* RecorderUtility.swift in Sources */ = {isa = PBXBuildFile; fileRef = B5A746C5240B9AB500573824 /* RecorderUtility.swift */; };
		D2D777CB22CDCC1100427FC0 /* AppDelegate.swift in Sources */ = {isa = PBXBuildFile; fileRef = D2D777CA22CDCC1100427FC0 /* AppDelegate.swift */; };
		D2D777D022CDCC1100427FC0 /* Main.storyboard in Resources */ = {isa = PBXBuildFile; fileRef = D2D777CE22CDCC1100427FC0 /* Main.storyboard */; };
		D2D777D222CDCC1200427FC0 /* Assets.xcassets in Resources */ = {isa = PBXBuildFile; fileRef = D2D777D122CDCC1200427FC0 /* Assets.xcassets */; };
		D2D777D522CDCC1200427FC0 /* LaunchScreen.storyboard in Resources */ = {isa = PBXBuildFile; fileRef = D2D777D322CDCC1200427FC0 /* LaunchScreen.storyboard */; };
		D2D777E022CDCC1300427FC0 /* iTranslateSample01Tests.swift in Sources */ = {isa = PBXBuildFile; fileRef = D2D777DF22CDCC1300427FC0 /* iTranslateSample01Tests.swift */; };
		D2D777EB22CDCC1300427FC0 /* iTranslateSample01UITests.swift in Sources */ = {isa = PBXBuildFile; fileRef = D2D777EA22CDCC1300427FC0 /* iTranslateSample01UITests.swift */; };
		D2D777F922CDCC8100427FC0 /* ViewModel.swift in Sources */ = {isa = PBXBuildFile; fileRef = D2D777F822CDCC8100427FC0 /* ViewModel.swift */; };
/* End PBXBuildFile section */

/* Begin PBXContainerItemProxy section */
		D2D777DC22CDCC1300427FC0 /* PBXContainerItemProxy */ = {
			isa = PBXContainerItemProxy;
			containerPortal = D2D777BF22CDCC1100427FC0 /* Project object */;
			proxyType = 1;
			remoteGlobalIDString = D2D777C622CDCC1100427FC0;
			remoteInfo = iTranslateSample01;
		};
		D2D777E722CDCC1300427FC0 /* PBXContainerItemProxy */ = {
			isa = PBXContainerItemProxy;
			containerPortal = D2D777BF22CDCC1100427FC0 /* Project object */;
			proxyType = 1;
			remoteGlobalIDString = D2D777C622CDCC1100427FC0;
			remoteInfo = iTranslateSample01;
		};
/* End PBXContainerItemProxy section */

/* Begin PBXFileReference section */
		B571B290240A40A300D36558 /* HomeViewController.swift */ = {isa = PBXFileReference; lastKnownFileType = sourcecode.swift; path = HomeViewController.swift; sourceTree = "<group>"; };
		B5A746BD240A4C4000573824 /* RecordingsTableViewCell.swift */ = {isa = PBXFileReference; lastKnownFileType = sourcecode.swift; path = RecordingsTableViewCell.swift; sourceTree = "<group>"; };
		B5A746BF240A4F7100573824 /* RecordingsViewController.swift */ = {isa = PBXFileReference; lastKnownFileType = sourcecode.swift; path = RecordingsViewController.swift; sourceTree = "<group>"; };
		B5A746C3240ABEE100573824 /* RecordingsListViewModel.swift */ = {isa = PBXFileReference; lastKnownFileType = sourcecode.swift; path = RecordingsListViewModel.swift; sourceTree = "<group>"; };
		B5A746C5240B9AB500573824 /* RecorderUtility.swift */ = {isa = PBXFileReference; lastKnownFileType = sourcecode.swift; path = RecorderUtility.swift; sourceTree = "<group>"; };
		D2D777C722CDCC1100427FC0 /* iTranslateSample01.app */ = {isa = PBXFileReference; explicitFileType = wrapper.application; includeInIndex = 0; path = iTranslateSample01.app; sourceTree = BUILT_PRODUCTS_DIR; };
		D2D777CA22CDCC1100427FC0 /* AppDelegate.swift */ = {isa = PBXFileReference; lastKnownFileType = sourcecode.swift; path = AppDelegate.swift; sourceTree = "<group>"; };
		D2D777CF22CDCC1100427FC0 /* Base */ = {isa = PBXFileReference; lastKnownFileType = file.storyboard; name = Base; path = Base.lproj/Main.storyboard; sourceTree = "<group>"; };
		D2D777D122CDCC1200427FC0 /* Assets.xcassets */ = {isa = PBXFileReference; lastKnownFileType = folder.assetcatalog; path = Assets.xcassets; sourceTree = "<group>"; };
		D2D777D422CDCC1200427FC0 /* Base */ = {isa = PBXFileReference; lastKnownFileType = file.storyboard; name = Base; path = Base.lproj/LaunchScreen.storyboard; sourceTree = "<group>"; };
		D2D777D622CDCC1200427FC0 /* Info.plist */ = {isa = PBXFileReference; lastKnownFileType = text.plist.xml; path = Info.plist; sourceTree = "<group>"; };
		D2D777DB22CDCC1300427FC0 /* iTranslateSample01Tests.xctest */ = {isa = PBXFileReference; explicitFileType = wrapper.cfbundle; includeInIndex = 0; path = iTranslateSample01Tests.xctest; sourceTree = BUILT_PRODUCTS_DIR; };
		D2D777DF22CDCC1300427FC0 /* iTranslateSample01Tests.swift */ = {isa = PBXFileReference; lastKnownFileType = sourcecode.swift; path = iTranslateSample01Tests.swift; sourceTree = "<group>"; };
		D2D777E122CDCC1300427FC0 /* Info.plist */ = {isa = PBXFileReference; lastKnownFileType = text.plist.xml; path = Info.plist; sourceTree = "<group>"; };
		D2D777E622CDCC1300427FC0 /* iTranslateSample01UITests.xctest */ = {isa = PBXFileReference; explicitFileType = wrapper.cfbundle; includeInIndex = 0; path = iTranslateSample01UITests.xctest; sourceTree = BUILT_PRODUCTS_DIR; };
		D2D777EA22CDCC1300427FC0 /* iTranslateSample01UITests.swift */ = {isa = PBXFileReference; lastKnownFileType = sourcecode.swift; path = iTranslateSample01UITests.swift; sourceTree = "<group>"; };
		D2D777EC22CDCC1300427FC0 /* Info.plist */ = {isa = PBXFileReference; lastKnownFileType = text.plist.xml; path = Info.plist; sourceTree = "<group>"; };
		D2D777F822CDCC8100427FC0 /* ViewModel.swift */ = {isa = PBXFileReference; lastKnownFileType = sourcecode.swift; path = ViewModel.swift; sourceTree = "<group>"; };
/* End PBXFileReference section */

/* Begin PBXFrameworksBuildPhase section */
		D2D777C422CDCC1100427FC0 /* Frameworks */ = {
			isa = PBXFrameworksBuildPhase;
			buildActionMask = 2147483647;
			files = (
			);
			runOnlyForDeploymentPostprocessing = 0;
		};
		D2D777D822CDCC1300427FC0 /* Frameworks */ = {
			isa = PBXFrameworksBuildPhase;
			buildActionMask = 2147483647;
			files = (
			);
			runOnlyForDeploymentPostprocessing = 0;
		};
		D2D777E322CDCC1300427FC0 /* Frameworks */ = {
			isa = PBXFrameworksBuildPhase;
			buildActionMask = 2147483647;
			files = (
			);
			runOnlyForDeploymentPostprocessing = 0;
		};
/* End PBXFrameworksBuildPhase section */

/* Begin PBXGroup section */
		D2D777BE22CDCC1100427FC0 = {
			isa = PBXGroup;
			children = (
				D2D777C922CDCC1100427FC0 /* iTranslateSample01 */,
				D2D777DE22CDCC1300427FC0 /* iTranslateSample01Tests */,
				D2D777E922CDCC1300427FC0 /* iTranslateSample01UITests */,
				D2D777C822CDCC1100427FC0 /* Products */,
			);
			sourceTree = "<group>";
		};
		D2D777C822CDCC1100427FC0 /* Products */ = {
			isa = PBXGroup;
			children = (
				D2D777C722CDCC1100427FC0 /* iTranslateSample01.app */,
				D2D777DB22CDCC1300427FC0 /* iTranslateSample01Tests.xctest */,
				D2D777E622CDCC1300427FC0 /* iTranslateSample01UITests.xctest */,
			);
			name = Products;
			sourceTree = "<group>";
		};
		D2D777C922CDCC1100427FC0 /* iTranslateSample01 */ = {
			isa = PBXGroup;
			children = (
				D2D777CA22CDCC1100427FC0 /* AppDelegate.swift */,
				D2D777CE22CDCC1100427FC0 /* Main.storyboard */,
				D2D777D122CDCC1200427FC0 /* Assets.xcassets */,
				D2D777D322CDCC1200427FC0 /* LaunchScreen.storyboard */,
				D2D777D622CDCC1200427FC0 /* Info.plist */,
				D2D777F822CDCC8100427FC0 /* ViewModel.swift */,
				B571B290240A40A300D36558 /* HomeViewController.swift */,
				B5A746BD240A4C4000573824 /* RecordingsTableViewCell.swift */,
				B5A746BF240A4F7100573824 /* RecordingsViewController.swift */,
				B5A746C3240ABEE100573824 /* RecordingsListViewModel.swift */,
				B5A746C5240B9AB500573824 /* RecorderUtility.swift */,
			);
			path = iTranslateSample01;
			sourceTree = "<group>";
		};
		D2D777DE22CDCC1300427FC0 /* iTranslateSample01Tests */ = {
			isa = PBXGroup;
			children = (
				D2D777DF22CDCC1300427FC0 /* iTranslateSample01Tests.swift */,
				D2D777E122CDCC1300427FC0 /* Info.plist */,
			);
			path = iTranslateSample01Tests;
			sourceTree = "<group>";
		};
		D2D777E922CDCC1300427FC0 /* iTranslateSample01UITests */ = {
			isa = PBXGroup;
			children = (
				D2D777EA22CDCC1300427FC0 /* iTranslateSample01UITests.swift */,
				D2D777EC22CDCC1300427FC0 /* Info.plist */,
			);
			path = iTranslateSample01UITests;
			sourceTree = "<group>";
		};
/* End PBXGroup section */

/* Begin PBXNativeTarget section */
		D2D777C622CDCC1100427FC0 /* iTranslateSample01 */ = {
			isa = PBXNativeTarget;
			buildConfigurationList = D2D777EF22CDCC1300427FC0 /* Build configuration list for PBXNativeTarget "iTranslateSample01" */;
			buildPhases = (
				D2D777C322CDCC1100427FC0 /* Sources */,
				D2D777C422CDCC1100427FC0 /* Frameworks */,
				D2D777C522CDCC1100427FC0 /* Resources */,
			);
			buildRules = (
			);
			dependencies = (
			);
			name = iTranslateSample01;
			productName = iTranslateSample01;
			productReference = D2D777C722CDCC1100427FC0 /* iTranslateSample01.app */;
			productType = "com.apple.product-type.application";
		};
		D2D777DA22CDCC1300427FC0 /* iTranslateSample01Tests */ = {
			isa = PBXNativeTarget;
			buildConfigurationList = D2D777F222CDCC1300427FC0 /* Build configuration list for PBXNativeTarget "iTranslateSample01Tests" */;
			buildPhases = (
				D2D777D722CDCC1300427FC0 /* Sources */,
				D2D777D822CDCC1300427FC0 /* Frameworks */,
				D2D777D922CDCC1300427FC0 /* Resources */,
			);
			buildRules = (
			);
			dependencies = (
				D2D777DD22CDCC1300427FC0 /* PBXTargetDependency */,
			);
			name = iTranslateSample01Tests;
			productName = iTranslateSample01Tests;
			productReference = D2D777DB22CDCC1300427FC0 /* iTranslateSample01Tests.xctest */;
			productType = "com.apple.product-type.bundle.unit-test";
		};
		D2D777E522CDCC1300427FC0 /* iTranslateSample01UITests */ = {
			isa = PBXNativeTarget;
			buildConfigurationList = D2D777F522CDCC1300427FC0 /* Build configuration list for PBXNativeTarget "iTranslateSample01UITests" */;
			buildPhases = (
				D2D777E222CDCC1300427FC0 /* Sources */,
				D2D777E322CDCC1300427FC0 /* Frameworks */,
				D2D777E422CDCC1300427FC0 /* Resources */,
			);
			buildRules = (
			);
			dependencies = (
				D2D777E822CDCC1300427FC0 /* PBXTargetDependency */,
			);
			name = iTranslateSample01UITests;
			productName = iTranslateSample01UITests;
			productReference = D2D777E622CDCC1300427FC0 /* iTranslateSample01UITests.xctest */;
			productType = "com.apple.product-type.bundle.ui-testing";
		};
/* End PBXNativeTarget section */

/* Begin PBXProject section */
		D2D777BF22CDCC1100427FC0 /* Project object */ = {
			isa = PBXProject;
			attributes = {
				LastSwiftUpdateCheck = 1020;
				LastUpgradeCheck = 1020;
				ORGANIZATIONNAME = iTranslate;
				TargetAttributes = {
					D2D777C622CDCC1100427FC0 = {
						CreatedOnToolsVersion = 10.2;
					};
					D2D777DA22CDCC1300427FC0 = {
						CreatedOnToolsVersion = 10.2;
						TestTargetID = D2D777C622CDCC1100427FC0;
					};
					D2D777E522CDCC1300427FC0 = {
						CreatedOnToolsVersion = 10.2;
						TestTargetID = D2D777C622CDCC1100427FC0;
					};
				};
			};
			buildConfigurationList = D2D777C222CDCC1100427FC0 /* Build configuration list for PBXProject "iTranslateSample01" */;
			compatibilityVersion = "Xcode 9.3";
			developmentRegion = en;
			hasScannedForEncodings = 0;
			knownRegions = (
				en,
				Base,
			);
			mainGroup = D2D777BE22CDCC1100427FC0;
			productRefGroup = D2D777C822CDCC1100427FC0 /* Products */;
			projectDirPath = "";
			projectRoot = "";
			targets = (
				D2D777C622CDCC1100427FC0 /* iTranslateSample01 */,
				D2D777DA22CDCC1300427FC0 /* iTranslateSample01Tests */,
				D2D777E522CDCC1300427FC0 /* iTranslateSample01UITests */,
			);
		};
/* End PBXProject section */

/* Begin PBXResourcesBuildPhase section */
		D2D777C522CDCC1100427FC0 /* Resources */ = {
			isa = PBXResourcesBuildPhase;
			buildActionMask = 2147483647;
			files = (
				D2D777D522CDCC1200427FC0 /* LaunchScreen.storyboard in Resources */,
				D2D777D222CDCC1200427FC0 /* Assets.xcassets in Resources */,
				D2D777D022CDCC1100427FC0 /* Main.storyboard in Resources */,
			);
			runOnlyForDeploymentPostprocessing = 0;
		};
		D2D777D922CDCC1300427FC0 /* Resources */ = {
			isa = PBXResourcesBuildPhase;
			buildActionMask = 2147483647;
			files = (
			);
			runOnlyForDeploymentPostprocessing = 0;
		};
		D2D777E422CDCC1300427FC0 /* Resources */ = {
			isa = PBXResourcesBuildPhase;
			buildActionMask = 2147483647;
			files = (
			);
			runOnlyForDeploymentPostprocessing = 0;
		};
/* End PBXResourcesBuildPhase section */

/* Begin PBXSourcesBuildPhase section */
		D2D777C322CDCC1100427FC0 /* Sources */ = {
			isa = PBXSourcesBuildPhase;
			buildActionMask = 2147483647;
			files = (
				B571B291240A40A300D36558 /* HomeViewController.swift in Sources */,
				D2D777F922CDCC8100427FC0 /* ViewModel.swift in Sources */,
				B5A746C0240A4F7100573824 /* RecordingsViewController.swift in Sources */,
				B5A746C4240ABEE100573824 /* RecordingsListViewModel.swift in Sources */,
				B5A746C6240B9AB500573824 /* RecorderUtility.swift in Sources */,
				D2D777CB22CDCC1100427FC0 /* AppDelegate.swift in Sources */,
				B5A746BE240A4C4000573824 /* RecordingsTableViewCell.swift in Sources */,
			);
			runOnlyForDeploymentPostprocessing = 0;
		};
		D2D777D722CDCC1300427FC0 /* Sources */ = {
			isa = PBXSourcesBuildPhase;
			buildActionMask = 2147483647;
			files = (
				D2D777E022CDCC1300427FC0 /* iTranslateSample01Tests.swift in Sources */,
			);
			runOnlyForDeploymentPostprocessing = 0;
		};
		D2D777E222CDCC1300427FC0 /* Sources */ = {
			isa = PBXSourcesBuildPhase;
			buildActionMask = 2147483647;
			files = (
				D2D777EB22CDCC1300427FC0 /* iTranslateSample01UITests.swift in Sources */,
			);
			runOnlyForDeploymentPostprocessing = 0;
		};
/* End PBXSourcesBuildPhase section */

/* Begin PBXTargetDependency section */
		D2D777DD22CDCC1300427FC0 /* PBXTargetDependency */ = {
			isa = PBXTargetDependency;
			target = D2D777C622CDCC1100427FC0 /* iTranslateSample01 */;
			targetProxy = D2D777DC22CDCC1300427FC0 /* PBXContainerItemProxy */;
		};
		D2D777E822CDCC1300427FC0 /* PBXTargetDependency */ = {
			isa = PBXTargetDependency;
			target = D2D777C622CDCC1100427FC0 /* iTranslateSample01 */;
			targetProxy = D2D777E722CDCC1300427FC0 /* PBXContainerItemProxy */;
		};
/* End PBXTargetDependency section */

/* Begin PBXVariantGroup section */
		D2D777CE22CDCC1100427FC0 /* Main.storyboard */ = {
			isa = PBXVariantGroup;
			children = (
				D2D777CF22CDCC1100427FC0 /* Base */,
			);
			name = Main.storyboard;
			sourceTree = "<group>";
		};
		D2D777D322CDCC1200427FC0 /* LaunchScreen.storyboard */ = {
			isa = PBXVariantGroup;
			children = (
				D2D777D422CDCC1200427FC0 /* Base */,
			);
			name = LaunchScreen.storyboard;
			sourceTree = "<group>";
		};
/* End PBXVariantGroup section */

/* Begin XCBuildConfiguration section */
		D2D777ED22CDCC1300427FC0 /* Debug */ = {
			isa = XCBuildConfiguration;
			buildSettings = {
				ALWAYS_SEARCH_USER_PATHS = NO;
				CLANG_ANALYZER_NONNULL = YES;
				CLANG_ANALYZER_NUMBER_OBJECT_CONVERSION = YES_AGGRESSIVE;
				CLANG_CXX_LANGUAGE_STANDARD = "gnu++14";
				CLANG_CXX_LIBRARY = "libc++";
				CLANG_ENABLE_MODULES = YES;
				CLANG_ENABLE_OBJC_ARC = YES;
				CLANG_ENABLE_OBJC_WEAK = YES;
				CLANG_WARN_BLOCK_CAPTURE_AUTORELEASING = YES;
				CLANG_WARN_BOOL_CONVERSION = YES;
				CLANG_WARN_COMMA = YES;
				CLANG_WARN_CONSTANT_CONVERSION = YES;
				CLANG_WARN_DEPRECATED_OBJC_IMPLEMENTATIONS = YES;
				CLANG_WARN_DIRECT_OBJC_ISA_USAGE = YES_ERROR;
				CLANG_WARN_DOCUMENTATION_COMMENTS = YES;
				CLANG_WARN_EMPTY_BODY = YES;
				CLANG_WARN_ENUM_CONVERSION = YES;
				CLANG_WARN_INFINITE_RECURSION = YES;
				CLANG_WARN_INT_CONVERSION = YES;
				CLANG_WARN_NON_LITERAL_NULL_CONVERSION = YES;
				CLANG_WARN_OBJC_IMPLICIT_RETAIN_SELF = YES;
				CLANG_WARN_OBJC_LITERAL_CONVERSION = YES;
				CLANG_WARN_OBJC_ROOT_CLASS = YES_ERROR;
				CLANG_WARN_RANGE_LOOP_ANALYSIS = YES;
				CLANG_WARN_STRICT_PROTOTYPES = YES;
				CLANG_WARN_SUSPICIOUS_MOVE = YES;
				CLANG_WARN_UNGUARDED_AVAILABILITY = YES_AGGRESSIVE;
				CLANG_WARN_UNREACHABLE_CODE = YES;
				CLANG_WARN__DUPLICATE_METHOD_MATCH = YES;
				CODE_SIGN_IDENTITY = "iPhone Developer";
				COPY_PHASE_STRIP = NO;
				DEBUG_INFORMATION_FORMAT = dwarf;
				ENABLE_STRICT_OBJC_MSGSEND = YES;
				ENABLE_TESTABILITY = YES;
				GCC_C_LANGUAGE_STANDARD = gnu11;
				GCC_DYNAMIC_NO_PIC = NO;
				GCC_NO_COMMON_BLOCKS = YES;
				GCC_OPTIMIZATION_LEVEL = 0;
				GCC_PREPROCESSOR_DEFINITIONS = (
					"DEBUG=1",
					"$(inherited)",
				);
				GCC_WARN_64_TO_32_BIT_CONVERSION = YES;
				GCC_WARN_ABOUT_RETURN_TYPE = YES_ERROR;
				GCC_WARN_UNDECLARED_SELECTOR = YES;
				GCC_WARN_UNINITIALIZED_AUTOS = YES_AGGRESSIVE;
				GCC_WARN_UNUSED_FUNCTION = YES;
				GCC_WARN_UNUSED_VARIABLE = YES;
				IPHONEOS_DEPLOYMENT_TARGET = 12.2;
				MTL_ENABLE_DEBUG_INFO = INCLUDE_SOURCE;
				MTL_FAST_MATH = YES;
				ONLY_ACTIVE_ARCH = YES;
				SDKROOT = iphoneos;
				SWIFT_ACTIVE_COMPILATION_CONDITIONS = DEBUG;
				SWIFT_OPTIMIZATION_LEVEL = "-Onone";
			};
			name = Debug;
		};
		D2D777EE22CDCC1300427FC0 /* Release */ = {
			isa = XCBuildConfiguration;
			buildSettings = {
				ALWAYS_SEARCH_USER_PATHS = NO;
				CLANG_ANALYZER_NONNULL = YES;
				CLANG_ANALYZER_NUMBER_OBJECT_CONVERSION = YES_AGGRESSIVE;
				CLANG_CXX_LANGUAGE_STANDARD = "gnu++14";
				CLANG_CXX_LIBRARY = "libc++";
				CLANG_ENABLE_MODULES = YES;
				CLANG_ENABLE_OBJC_ARC = YES;
				CLANG_ENABLE_OBJC_WEAK = YES;
				CLANG_WARN_BLOCK_CAPTURE_AUTORELEASING = YES;
				CLANG_WARN_BOOL_CONVERSION = YES;
				CLANG_WARN_COMMA = YES;
				CLANG_WARN_CONSTANT_CONVERSION = YES;
				CLANG_WARN_DEPRECATED_OBJC_IMPLEMENTATIONS = YES;
				CLANG_WARN_DIRECT_OBJC_ISA_USAGE = YES_ERROR;
				CLANG_WARN_DOCUMENTATION_COMMENTS = YES;
				CLANG_WARN_EMPTY_BODY = YES;
				CLANG_WARN_ENUM_CONVERSION = YES;
				CLANG_WARN_INFINITE_RECURSION = YES;
				CLANG_WARN_INT_CONVERSION = YES;
				CLANG_WARN_NON_LITERAL_NULL_CONVERSION = YES;
				CLANG_WARN_OBJC_IMPLICIT_RETAIN_SELF = YES;
				CLANG_WARN_OBJC_LITERAL_CONVERSION = YES;
				CLANG_WARN_OBJC_ROOT_CLASS = YES_ERROR;
				CLANG_WARN_RANGE_LOOP_ANALYSIS = YES;
				CLANG_WARN_STRICT_PROTOTYPES = YES;
				CLANG_WARN_SUSPICIOUS_MOVE = YES;
				CLANG_WARN_UNGUARDED_AVAILABILITY = YES_AGGRESSIVE;
				CLANG_WARN_UNREACHABLE_CODE = YES;
				CLANG_WARN__DUPLICATE_METHOD_MATCH = YES;
				CODE_SIGN_IDENTITY = "iPhone Developer";
				COPY_PHASE_STRIP = NO;
				DEBUG_INFORMATION_FORMAT = "dwarf-with-dsym";
				ENABLE_NS_ASSERTIONS = NO;
				ENABLE_STRICT_OBJC_MSGSEND = YES;
				GCC_C_LANGUAGE_STANDARD = gnu11;
				GCC_NO_COMMON_BLOCKS = YES;
				GCC_WARN_64_TO_32_BIT_CONVERSION = YES;
				GCC_WARN_ABOUT_RETURN_TYPE = YES_ERROR;
				GCC_WARN_UNDECLARED_SELECTOR = YES;
				GCC_WARN_UNINITIALIZED_AUTOS = YES_AGGRESSIVE;
				GCC_WARN_UNUSED_FUNCTION = YES;
				GCC_WARN_UNUSED_VARIABLE = YES;
				IPHONEOS_DEPLOYMENT_TARGET = 12.2;
				MTL_ENABLE_DEBUG_INFO = NO;
				MTL_FAST_MATH = YES;
				SDKROOT = iphoneos;
				SWIFT_COMPILATION_MODE = wholemodule;
				SWIFT_OPTIMIZATION_LEVEL = "-O";
				VALIDATE_PRODUCT = YES;
			};
			name = Release;
		};
		D2D777F022CDCC1300427FC0 /* Debug */ = {
			isa = XCBuildConfiguration;
			buildSettings = {
				ASSETCATALOG_COMPILER_APPICON_NAME = AppIcon;
				CODE_SIGN_IDENTITY = "iPhone Developer";
				CODE_SIGN_STYLE = Automatic;
				DEVELOPMENT_TEAM = FD2Y87AU5T;
				INFOPLIST_FILE = iTranslateSample01/Info.plist;
				IPHONEOS_DEPLOYMENT_TARGET = 10.0;
				LD_RUNPATH_SEARCH_PATHS = (
					"$(inherited)",
					"@executable_path/Frameworks",
				);
				PRODUCT_BUNDLE_IDENTIFIER = com.photon.iTranslateSample01;
				PRODUCT_NAME = "$(TARGET_NAME)";
				PROVISIONING_PROFILE_SPECIFIER = "";
				SWIFT_VERSION = 5.0;
				TARGETED_DEVICE_FAMILY = 1;
			};
			name = Debug;
		};
		D2D777F122CDCC1300427FC0 /* Release */ = {
			isa = XCBuildConfiguration;
			buildSettings = {
				ASSETCATALOG_COMPILER_APPICON_NAME = AppIcon;
				CODE_SIGN_IDENTITY = "iPhone Developer";
				CODE_SIGN_STYLE = Automatic;
				DEVELOPMENT_TEAM = FD2Y87AU5T;
				INFOPLIST_FILE = iTranslateSample01/Info.plist;
				IPHONEOS_DEPLOYMENT_TARGET = 10.0;
				LD_RUNPATH_SEARCH_PATHS = (
					"$(inherited)",
					"@executable_path/Frameworks",
				);
				PRODUCT_BUNDLE_IDENTIFIER = com.photon.iTranslateSample01;
				PRODUCT_NAME = "$(TARGET_NAME)";
				PROVISIONING_PROFILE_SPECIFIER = "";
				SWIFT_VERSION = 5.0;
				TARGETED_DEVICE_FAMILY = 1;
			};
			name = Release;
		};
		D2D777F322CDCC1300427FC0 /* Debug */ = {
			isa = XCBuildConfiguration;
			buildSettings = {
				ALWAYS_EMBED_SWIFT_STANDARD_LIBRARIES = YES;
				BUNDLE_LOADER = "$(TEST_HOST)";
				CODE_SIGN_STYLE = Automatic;
				DEVELOPMENT_TEAM = XTC37GUKV9;
				INFOPLIST_FILE = iTranslateSample01Tests/Info.plist;
				LD_RUNPATH_SEARCH_PATHS = (
					"$(inherited)",
					"@executable_path/Frameworks",
					"@loader_path/Frameworks",
				);
				PRODUCT_BUNDLE_IDENTIFIER = com.itranslate.iTranslateSample01Tests;
				PRODUCT_NAME = "$(TARGET_NAME)";
				SWIFT_VERSION = 5.0;
				TARGETED_DEVICE_FAMILY = "1,2";
				TEST_HOST = "$(BUILT_PRODUCTS_DIR)/iTranslateSample01.app/iTranslateSample01";
			};
			name = Debug;
		};
		D2D777F422CDCC1300427FC0 /* Release */ = {
			isa = XCBuildConfiguration;
			buildSettings = {
				ALWAYS_EMBED_SWIFT_STANDARD_LIBRARIES = YES;
				BUNDLE_LOADER = "$(TEST_HOST)";
				CODE_SIGN_STYLE = Automatic;
				DEVELOPMENT_TEAM = XTC37GUKV9;
				INFOPLIST_FILE = iTranslateSample01Tests/Info.plist;
				LD_RUNPATH_SEARCH_PATHS = (
					"$(inherited)",
					"@executable_path/Frameworks",
					"@loader_path/Frameworks",
				);
				PRODUCT_BUNDLE_IDENTIFIER = com.itranslate.iTranslateSample01Tests;
				PRODUCT_NAME = "$(TARGET_NAME)";
				SWIFT_VERSION = 5.0;
				TARGETED_DEVICE_FAMILY = "1,2";
				TEST_HOST = "$(BUILT_PRODUCTS_DIR)/iTranslateSample01.app/iTranslateSample01";
			};
			name = Release;
		};
		D2D777F622CDCC1300427FC0 /* Debug */ = {
			isa = XCBuildConfiguration;
			buildSettings = {
				ALWAYS_EMBED_SWIFT_STANDARD_LIBRARIES = YES;
				CODE_SIGN_STYLE = Automatic;
				DEVELOPMENT_TEAM = XTC37GUKV9;
				INFOPLIST_FILE = iTranslateSample01UITests/Info.plist;
				LD_RUNPATH_SEARCH_PATHS = (
					"$(inherited)",
					"@executable_path/Frameworks",
					"@loader_path/Frameworks",
				);
				PRODUCT_BUNDLE_IDENTIFIER = com.itranslate.iTranslateSample01UITests;
				PRODUCT_NAME = "$(TARGET_NAME)";
				SWIFT_VERSION = 5.0;
				TARGETED_DEVICE_FAMILY = "1,2";
				TEST_TARGET_NAME = iTranslateSample01;
			};
			name = Debug;
		};
		D2D777F722CDCC1300427FC0 /* Release */ = {
			isa = XCBuildConfiguration;
			buildSettings = {
				ALWAYS_EMBED_SWIFT_STANDARD_LIBRARIES = YES;
				CODE_SIGN_STYLE = Automatic;
				DEVELOPMENT_TEAM = XTC37GUKV9;
				INFOPLIST_FILE = iTranslateSample01UITests/Info.plist;
				LD_RUNPATH_SEARCH_PATHS = (
					"$(inherited)",
					"@executable_path/Frameworks",
					"@loader_path/Frameworks",
				);
				PRODUCT_BUNDLE_IDENTIFIER = com.itranslate.iTranslateSample01UITests;
				PRODUCT_NAME = "$(TARGET_NAME)";
				SWIFT_VERSION = 5.0;
				TARGETED_DEVICE_FAMILY = "1,2";
				TEST_TARGET_NAME = iTranslateSample01;
			};
			name = Release;
		};
/* End XCBuildConfiguration section */

/* Begin XCConfigurationList section */
		D2D777C222CDCC1100427FC0 /* Build configuration list for PBXProject "iTranslateSample01" */ = {
			isa = XCConfigurationList;
			buildConfigurations = (
				D2D777ED22CDCC1300427FC0 /* Debug */,
				D2D777EE22CDCC1300427FC0 /* Release */,
			);
			defaultConfigurationIsVisible = 0;
			defaultConfigurationName = Release;
		};
		D2D777EF22CDCC1300427FC0 /* Build configuration list for PBXNativeTarget "iTranslateSample01" */ = {
			isa = XCConfigurationList;
			buildConfigurations = (
				D2D777F022CDCC1300427FC0 /* Debug */,
				D2D777F122CDCC1300427FC0 /* Release */,
			);
			defaultConfigurationIsVisible = 0;
			defaultConfigurationName = Release;
		};
		D2D777F222CDCC1300427FC0 /* Build configuration list for PBXNativeTarget "iTranslateSample01Tests" */ = {
			isa = XCConfigurationList;
			buildConfigurations = (
				D2D777F322CDCC1300427FC0 /* Debug */,
				D2D777F422CDCC1300427FC0 /* Release */,
			);
			defaultConfigurationIsVisible = 0;
			defaultConfigurationName = Release;
		};
		D2D777F522CDCC1300427FC0 /* Build configuration list for PBXNativeTarget "iTranslateSample01UITests" */ = {
			isa = XCConfigurationList;
			buildConfigurations = (
				D2D777F622CDCC1300427FC0 /* Debug */,
				D2D777F722CDCC1300427FC0 /* Release */,
			);
			defaultConfigurationIsVisible = 0;
			defaultConfigurationName = Release;
		};
/* End XCConfigurationList section */
	};
	rootObject = D2D777BF22CDCC1100427FC0 /* Project object */;
}
